{
  "name": "frontend",
  "lockfileVersion": 3,
  "requires": true,
  "packages": {
    "": {
      "dependencies": {
        "nats-ui-web": "file:.."
      }
    },
    "..": {
      "name": "nats-ui-web",
      "version": "0.1.0",
      "dependencies": {
        "@element-plus/icons-vue": "^2.3.1",
        "axios": "^1.9.0",
        "echarts": "^5.6.0",
        "element-plus": "^2.9.8",
        "vue": "^3.5.13",
        "vue-router": "^4.5.0"
      },
      "devDependencies": {
        "@vitejs/plugin-vue": "^5.2.3",
        "vite": "^6.2.5"
      }
    },
    "node_modules/nats-ui-web": {
      "resolved": "..",
      "link": true
    }
  }
}
